
Microsoft Visual Studio Solution File, Format Version 12.00
# Visual Studio Version 17
VisualStudioVersion = 17.2.32526.322
MinimumVisualStudioVersion = 10.0.40219.1
Project("{FAE04EC0-301F-11D3-BF4B-00C04F79EFBC}") = "ToastNotifications.Server", "ToastNotifications\Server\ToastNotifications.Server.csproj", "{920EAB15-E131-47A8-8701-9B8D595E576A}"
EndProject
Project("{FAE04EC0-301F-11D3-BF4B-00C04F79EFBC}") = "ToastNotifications.Client", "ToastNotifications\Client\ToastNotifications.Client.csproj", "{8FC132FB-444B-4A71-9462-1D315A999BFB}"
EndProject
Project("{FAE04EC0-301F-11D3-BF4B-00C04F79EFBC}") = "ToastNotifications.Shared", "ToastNotifications\Shared\ToastNotifications.Shared.csproj", "{81B4FF0A-2DB4-43A5-8608-D1C7112F4939}"
EndProject
Global
	GlobalSection(SolutionConfigurationPlatforms) = preSolution
		Debug|Any CPU = Debug|Any CPU
		Release|Any CPU = Release|Any CPU
	EndGlobalSection
	GlobalSection(ProjectConfigurationPlatforms) = postSolution
		{920EAB15-E131-47A8-8701-9B8D595E576A}.Debug|Any CPU.ActiveCfg = Debug|Any CPU
		{920EAB15-E131-47A8-8701-9B8D595E576A}.Debug|Any CPU.Build.0 = Debug|Any CPU
		{920EAB15-E131-47A8-8701-9B8D595E576A}.Release|Any CPU.ActiveCfg = Release|Any CPU
		{920EAB15-E131-47A8-8701-9B8D595E576A}.Release|Any CPU.Build.0 = Release|Any CPU
		{8FC132FB-444B-4A71-9462-1D315A999BFB}.Debug|Any CPU.ActiveCfg = Debug|Any CPU
		{8FC132FB-444B-4A71-9462-1D315A999BFB}.Debug|Any CPU.Build.0 = Debug|Any CPU
		{8FC132FB-444B-4A71-9462-1D315A999BFB}.Release|Any CPU.ActiveCfg = Release|Any CPU
		{8FC132FB-444B-4A71-9462-1D315A999BFB}.Release|Any CPU.Build.0 = Release|Any CPU
		{81B4FF0A-2DB4-43A5-8608-D1C7112F4939}.Debug|Any CPU.ActiveCfg = Debug|Any CPU
		{81B4FF0A-2DB4-43A5-8608-D1C7112F4939}.Debug|Any CPU.Build.0 = Debug|Any CPU
		{81B4FF0A-2DB4-43A5-8608-D1C7112F4939}.Release|Any CPU.ActiveCfg = Release|Any CPU
		{81B4FF0A-2DB4-43A5-8608-D1C7112F4939}.Release|Any CPU.Build.0 = Release|Any CPU
	EndGlobalSection
	GlobalSection(SolutionProperties) = preSolution
		HideSolutionNode = FALSE
	EndGlobalSection
	GlobalSection(ExtensibilityGlobals) = postSolution
		SolutionGuid = {210A3CC8-D8D4-4C80-B74D-01AC8C5B7E14}
	EndGlobalSection
EndGlobal
